
Microsoft Visual Studio Solution File, Format Version 12.00
# Visual Studio Version 17
VisualStudioVersion = 17.0.31903.59
MinimumVisualStudioVersion = 10.0.40219.1
Project("{FAE04EC0-301F-11D3-BF4B-00C04F79EFBC}") = "Web3MusicStore.App", "Web3MusicStore.App\Web3MusicStore.App.csproj", "{ACA6114F-078B-439C-B440-81950DB5E0BC}"
EndProject
Project("{FAE04EC0-301F-11D3-BF4B-00C04F79EFBC}") = "Web3MusicStore.API", "Web3MusicStore.API\Web3MusicStore.API.csproj", "{5B85CD3D-4C75-4105-A3E5-D0F04738F268}"
EndProject
Global
	GlobalSection(SolutionConfigurationPlatforms) = preSolution
		Debug|Any CPU = Debug|Any CPU
		Release|Any CPU = Release|Any CPU
	EndGlobalSection
	GlobalSection(SolutionProperties) = preSolution
		HideSolutionNode = FALSE
	EndGlobalSection
	GlobalSection(ProjectConfigurationPlatforms) = postSolution
		{ACA6114F-078B-439C-B440-81950DB5E0BC}.Debug|Any CPU.ActiveCfg = Debug|Any CPU
		{ACA6114F-078B-439C-B440-81950DB5E0BC}.Debug|Any CPU.Build.0 = Debug|Any CPU
		{ACA6114F-078B-439C-B440-81950DB5E0BC}.Release|Any CPU.ActiveCfg = Release|Any CPU
		{ACA6114F-078B-439C-B440-81950DB5E0BC}.Release|Any CPU.Build.0 = Release|Any CPU
		{5B85CD3D-4C75-4105-A3E5-D0F04738F268}.Debug|Any CPU.ActiveCfg = Debug|Any CPU
		{5B85CD3D-4C75-4105-A3E5-D0F04738F268}.Debug|Any CPU.Build.0 = Debug|Any CPU
		{5B85CD3D-4C75-4105-A3E5-D0F04738F268}.Release|Any CPU.ActiveCfg = Release|Any CPU
		{5B85CD3D-4C75-4105-A3E5-D0F04738F268}.Release|Any CPU.Build.0 = Release|Any CPU
	EndGlobalSection
EndGlobal
